github.com/deta/deta-go v0.1.0 h1:tE6wMNjNRy9a+tyxqiqAh6ceX8JwXowsxEROuXS+ScI=
github.com/deta/deta-go v0.1.0/go.mod h1:vbQaUT8iD6xREm816eNp7Nw1aewd95dpcb/uj0T2vuY=
github.com/deta/deta-go v1.0.0-rc.2 h1://nbIPmjkmiFF3Q9UHOahrSjv75KortHgqo8KQVfIWo=
github.com/deta/deta-go v1.0.0-rc.2/go.mod h1:vbQaUT8iD6xREm816eNp7Nw1aewd95dpcb/uj0T2vuY=
